
Microsoft Visual Studio Solution File, Format Version 12.00
# Visual Studio 14
VisualStudioVersion = 14.0.25420.1
MinimumVisualStudioVersion = 10.0.40219.1
Project("{FAE04EC0-301F-11D3-BF4B-00C04F79EFBC}") = "projekt_x", "projekt_x\projekt_x.csproj", "{74B5BFF8-C0E4-45C8-8E7D-3FFAEFC09594}"
EndProject
Project("{FAE04EC0-301F-11D3-BF4B-00C04F79EFBC}") = "projekt_x_test", "..\projekt_x_test\projekt_x_test.csproj", "{39DF336B-23DC-4D5F-9831-4869597C9E53}"
EndProject
Project("{FAE04EC0-301F-11D3-BF4B-00C04F79EFBC}") = "Console_X", "Console_X\Console_X.csproj", "{DB517706-6B79-46EB-A819-D7C6DCB5A723}"
EndProject
Global
	GlobalSection(SolutionConfigurationPlatforms) = preSolution
		Debug|Any CPU = Debug|Any CPU
		Release|Any CPU = Release|Any CPU
	EndGlobalSection
	GlobalSection(ProjectConfigurationPlatforms) = postSolution
		{74B5BFF8-C0E4-45C8-8E7D-3FFAEFC09594}.Debug|Any CPU.ActiveCfg = Debug|Any CPU
		{74B5BFF8-C0E4-45C8-8E7D-3FFAEFC09594}.Debug|Any CPU.Build.0 = Debug|Any CPU
		{74B5BFF8-C0E4-45C8-8E7D-3FFAEFC09594}.Release|Any CPU.ActiveCfg = Release|Any CPU
		{74B5BFF8-C0E4-45C8-8E7D-3FFAEFC09594}.Release|Any CPU.Build.0 = Release|Any CPU
		{39DF336B-23DC-4D5F-9831-4869597C9E53}.Debug|Any CPU.ActiveCfg = Debug|Any CPU
		{39DF336B-23DC-4D5F-9831-4869597C9E53}.Debug|Any CPU.Build.0 = Debug|Any CPU
		{39DF336B-23DC-4D5F-9831-4869597C9E53}.Release|Any CPU.ActiveCfg = Release|Any CPU
		{39DF336B-23DC-4D5F-9831-4869597C9E53}.Release|Any CPU.Build.0 = Release|Any CPU
		{DB517706-6B79-46EB-A819-D7C6DCB5A723}.Debug|Any CPU.ActiveCfg = Debug|Any CPU
		{DB517706-6B79-46EB-A819-D7C6DCB5A723}.Debug|Any CPU.Build.0 = Debug|Any CPU
		{DB517706-6B79-46EB-A819-D7C6DCB5A723}.Release|Any CPU.ActiveCfg = Release|Any CPU
		{DB517706-6B79-46EB-A819-D7C6DCB5A723}.Release|Any CPU.Build.0 = Release|Any CPU
	EndGlobalSection
	GlobalSection(SolutionProperties) = preSolution
		HideSolutionNode = FALSE
	EndGlobalSection
EndGlobal
